// !$*UTF8*$!
{
	archiveVersion = 1;
	classes = {
	};
	objectVersion = 50;
	objects = {

/* Begin PBXBuildFile section */
		7421799F240CB9C40096A28F /* UIView+AutoLayout.swift in Sources */ = {isa = PBXBuildFile; fileRef = 7421799E240CB9C40096A28F /* UIView+AutoLayout.swift */; };
		742179A3240CBA2E0096A28F /* PlayerScreen.swift in Sources */ = {isa = PBXBuildFile; fileRef = 742179A2240CBA2E0096A28F /* PlayerScreen.swift */; };
		742179A5240CBB380096A28F /* MediaControls.swift in Sources */ = {isa = PBXBuildFile; fileRef = 742179A4240CBB380096A28F /* MediaControls.swift */; };
		74291EDC2415DE6A00272B8C /* HomeController.swift in Sources */ = {isa = PBXBuildFile; fileRef = 74291EDB2415DE6A00272B8C /* HomeController.swift */; };
		74291EDE2415DE7E00272B8C /* SearchController.swift in Sources */ = {isa = PBXBuildFile; fileRef = 74291EDD2415DE7E00272B8C /* SearchController.swift */; };
		74291EE02415DE9000272B8C /* DownloadsController.swift in Sources */ = {isa = PBXBuildFile; fileRef = 74291EDF2415DE9000272B8C /* DownloadsController.swift */; };
		748E92E62422DABE00E3182C /* TabBarController.swift in Sources */ = {isa = PBXBuildFile; fileRef = 748E92E52422DABE00E3182C /* TabBarController.swift */; };
		749D5D592410069D009FAB3E /* UIButton.swift in Sources */ = {isa = PBXBuildFile; fileRef = 749D5D582410069D009FAB3E /* UIButton.swift */; };
		74B7C0592423D1E200276E6B /* PlayerNavigationBar.swift in Sources */ = {isa = PBXBuildFile; fileRef = 74B7C0582423D1E200276E6B /* PlayerNavigationBar.swift */; };
		74DA29D82411AF8C006050F8 /* UIImage.swift in Sources */ = {isa = PBXBuildFile; fileRef = 74DA29D72411AF8C006050F8 /* UIImage.swift */; };
		74DA29DA2411B52B006050F8 /* UINavigationController.swift in Sources */ = {isa = PBXBuildFile; fileRef = 74DA29D92411B52B006050F8 /* UINavigationController.swift */; };
		74DA29DC2411B76F006050F8 /* LoadableImage.swift in Sources */ = {isa = PBXBuildFile; fileRef = 74DA29DB2411B76F006050F8 /* LoadableImage.swift */; };
		74DA29DE2411BE81006050F8 /* EpisodeDetails.swift in Sources */ = {isa = PBXBuildFile; fileRef = 74DA29DD2411BE81006050F8 /* EpisodeDetails.swift */; };
		74DA29E02411DA1C006050F8 /* Scrubber.swift in Sources */ = {isa = PBXBuildFile; fileRef = 74DA29DF2411DA1C006050F8 /* Scrubber.swift */; };
		74F128A0240C64AB00854CA2 /* AppDelegate.swift in Sources */ = {isa = PBXBuildFile; fileRef = 74F1289F240C64AB00854CA2 /* AppDelegate.swift */; };
		74F128A2240C64AB00854CA2 /* SceneDelegate.swift in Sources */ = {isa = PBXBuildFile; fileRef = 74F128A1240C64AB00854CA2 /* SceneDelegate.swift */; };
		74F128A4240C64AB00854CA2 /* ViewController.swift in Sources */ = {isa = PBXBuildFile; fileRef = 74F128A3240C64AB00854CA2 /* ViewController.swift */; };
		74F128A7240C64AB00854CA2 /* Main.storyboard in Resources */ = {isa = PBXBuildFile; fileRef = 74F128A5240C64AB00854CA2 /* Main.storyboard */; };
		74F128AA240C64AB00854CA2 /* Podcasts.xcdatamodeld in Sources */ = {isa = PBXBuildFile; fileRef = 74F128A8240C64AB00854CA2 /* Podcasts.xcdatamodeld */; };
		74F128AC240C64AC00854CA2 /* Assets.xcassets in Resources */ = {isa = PBXBuildFile; fileRef = 74F128AB240C64AC00854CA2 /* Assets.xcassets */; };
		74F128AF240C64AC00854CA2 /* LaunchScreen.storyboard in Resources */ = {isa = PBXBuildFile; fileRef = 74F128AD240C64AC00854CA2 /* LaunchScreen.storyboard */; };
		74F64E8F241775A700516975 /* HomeCell.swift in Sources */ = {isa = PBXBuildFile; fileRef = 74F64E8E241775A700516975 /* HomeCell.swift */; };
/* End PBXBuildFile section */

/* Begin PBXFileReference section */
		7421799E240CB9C40096A28F /* UIView+AutoLayout.swift */ = {isa = PBXFileReference; lastKnownFileType = sourcecode.swift; path = "UIView+AutoLayout.swift"; sourceTree = "<group>"; };
		742179A2240CBA2E0096A28F /* PlayerScreen.swift */ = {isa = PBXFileReference; lastKnownFileType = sourcecode.swift; path = PlayerScreen.swift; sourceTree = "<group>"; };
		742179A4240CBB380096A28F /* MediaControls.swift */ = {isa = PBXFileReference; lastKnownFileType = sourcecode.swift; path = MediaControls.swift; sourceTree = "<group>"; };
		74291EDB2415DE6A00272B8C /* HomeController.swift */ = {isa = PBXFileReference; lastKnownFileType = sourcecode.swift; path = HomeController.swift; sourceTree = "<group>"; };
		74291EDD2415DE7E00272B8C /* SearchController.swift */ = {isa = PBXFileReference; lastKnownFileType = sourcecode.swift; path = SearchController.swift; sourceTree = "<group>"; };
		74291EDF2415DE9000272B8C /* DownloadsController.swift */ = {isa = PBXFileReference; lastKnownFileType = sourcecode.swift; path = DownloadsController.swift; sourceTree = "<group>"; };
		748E92E52422DABE00E3182C /* TabBarController.swift */ = {isa = PBXFileReference; lastKnownFileType = sourcecode.swift; path = TabBarController.swift; sourceTree = "<group>"; };
		749D5D582410069D009FAB3E /* UIButton.swift */ = {isa = PBXFileReference; lastKnownFileType = sourcecode.swift; path = UIButton.swift; sourceTree = "<group>"; };
		74B7C0582423D1E200276E6B /* PlayerNavigationBar.swift */ = {isa = PBXFileReference; lastKnownFileType = sourcecode.swift; path = PlayerNavigationBar.swift; sourceTree = "<group>"; };
		74DA29D72411AF8C006050F8 /* UIImage.swift */ = {isa = PBXFileReference; lastKnownFileType = sourcecode.swift; path = UIImage.swift; sourceTree = "<group>"; };
		74DA29D92411B52B006050F8 /* UINavigationController.swift */ = {isa = PBXFileReference; lastKnownFileType = sourcecode.swift; path = UINavigationController.swift; sourceTree = "<group>"; };
		74DA29DB2411B76F006050F8 /* LoadableImage.swift */ = {isa = PBXFileReference; lastKnownFileType = sourcecode.swift; path = LoadableImage.swift; sourceTree = "<group>"; };
		74DA29DD2411BE81006050F8 /* EpisodeDetails.swift */ = {isa = PBXFileReference; lastKnownFileType = sourcecode.swift; path = EpisodeDetails.swift; sourceTree = "<group>"; };
		74DA29DF2411DA1C006050F8 /* Scrubber.swift */ = {isa = PBXFileReference; lastKnownFileType = sourcecode.swift; path = Scrubber.swift; sourceTree = "<group>"; };
		74F1289C240C64AB00854CA2 /* Podcasts.app */ = {isa = PBXFileReference; explicitFileType = wrapper.application; includeInIndex = 0; path = Podcasts.app; sourceTree = BUILT_PRODUCTS_DIR; };
		74F1289F240C64AB00854CA2 /* AppDelegate.swift */ = {isa = PBXFileReference; lastKnownFileType = sourcecode.swift; path = AppDelegate.swift; sourceTree = "<group>"; };
		74F128A1240C64AB00854CA2 /* SceneDelegate.swift */ = {isa = PBXFileReference; lastKnownFileType = sourcecode.swift; path = SceneDelegate.swift; sourceTree = "<group>"; };
		74F128A3240C64AB00854CA2 /* ViewController.swift */ = {isa = PBXFileReference; lastKnownFileType = sourcecode.swift; path = ViewController.swift; sourceTree = "<group>"; };
		74F128A6240C64AB00854CA2 /* Base */ = {isa = PBXFileReference; lastKnownFileType = file.storyboard; name = Base; path = Base.lproj/Main.storyboard; sourceTree = "<group>"; };
		74F128A9240C64AB00854CA2 /* Podcasts.xcdatamodel */ = {isa = PBXFileReference; lastKnownFileType = wrapper.xcdatamodel; path = Podcasts.xcdatamodel; sourceTree = "<group>"; };
		74F128AB240C64AC00854CA2 /* Assets.xcassets */ = {isa = PBXFileReference; lastKnownFileType = folder.assetcatalog; path = Assets.xcassets; sourceTree = "<group>"; };
		74F128AE240C64AC00854CA2 /* Base */ = {isa = PBXFileReference; lastKnownFileType = file.storyboard; name = Base; path = Base.lproj/LaunchScreen.storyboard; sourceTree = "<group>"; };
		74F128B0240C64AC00854CA2 /* Info.plist */ = {isa = PBXFileReference; lastKnownFileType = text.plist.xml; path = Info.plist; sourceTree = "<group>"; };
		74F64E8E241775A700516975 /* HomeCell.swift */ = {isa = PBXFileReference; lastKnownFileType = sourcecode.swift; path = HomeCell.swift; sourceTree = "<group>"; };
/* End PBXFileReference section */

/* Begin PBXFrameworksBuildPhase section */
		74F12899240C64AB00854CA2 /* Frameworks */ = {
			isa = PBXFrameworksBuildPhase;
			buildActionMask = 2147483647;
			files = (
			);
			runOnlyForDeploymentPostprocessing = 0;
		};
/* End PBXFrameworksBuildPhase section */

/* Begin PBXGroup section */
		7421799B240CB9510096A28F /* Extensions */ = {
			isa = PBXGroup;
			children = (
				7421799E240CB9C40096A28F /* UIView+AutoLayout.swift */,
				749D5D582410069D009FAB3E /* UIButton.swift */,
				74DA29D72411AF8C006050F8 /* UIImage.swift */,
				74DA29D92411B52B006050F8 /* UINavigationController.swift */,
			);
			path = Extensions;
			sourceTree = "<group>";
		};
		7421799C240CB9600096A28F /* Views */ = {
			isa = PBXGroup;
			children = (
				74F64E8D2417757100516975 /* Home */,
				742179A1240CB9F40096A28F /* Player */,
			);
			path = Views;
			sourceTree = "<group>";
		};
		7421799D240CB9760096A28F /* Models */ = {
			isa = PBXGroup;
			children = (
			);
			path = Models;
			sourceTree = "<group>";
		};
		742179A1240CB9F40096A28F /* Player */ = {
			isa = PBXGroup;
			children = (
				742179A2240CBA2E0096A28F /* PlayerScreen.swift */,
				742179A4240CBB380096A28F /* MediaControls.swift */,
				74DA29DB2411B76F006050F8 /* LoadableImage.swift */,
				74DA29DD2411BE81006050F8 /* EpisodeDetails.swift */,
				74DA29DF2411DA1C006050F8 /* Scrubber.swift */,
				74B7C0582423D1E200276E6B /* PlayerNavigationBar.swift */,
			);
			path = Player;
			sourceTree = "<group>";
		};
		748E92E22422D85D00E3182C /* Controllers */ = {
			isa = PBXGroup;
			children = (
				748E92E52422DABE00E3182C /* TabBarController.swift */,
				74291EDB2415DE6A00272B8C /* HomeController.swift */,
				74291EDD2415DE7E00272B8C /* SearchController.swift */,
				74291EDF2415DE9000272B8C /* DownloadsController.swift */,
			);
			path = Controllers;
			sourceTree = "<group>";
		};
		74F12893240C64AB00854CA2 = {
			isa = PBXGroup;
			children = (
				74F1289E240C64AB00854CA2 /* Podcasts */,
				74F1289D240C64AB00854CA2 /* Products */,
			);
			sourceTree = "<group>";
		};
		74F1289D240C64AB00854CA2 /* Products */ = {
			isa = PBXGroup;
			children = (
				74F1289C240C64AB00854CA2 /* Podcasts.app */,
			);
			name = Products;
			sourceTree = "<group>";
		};
		74F1289E240C64AB00854CA2 /* Podcasts */ = {
			isa = PBXGroup;
			children = (
				7421799D240CB9760096A28F /* Models */,
				7421799C240CB9600096A28F /* Views */,
				748E92E22422D85D00E3182C /* Controllers */,
				7421799B240CB9510096A28F /* Extensions */,
				74F1289F240C64AB00854CA2 /* AppDelegate.swift */,
				74F128A1240C64AB00854CA2 /* SceneDelegate.swift */,
				74F128A3240C64AB00854CA2 /* ViewController.swift */,
				74F128A5240C64AB00854CA2 /* Main.storyboard */,
				74F128AB240C64AC00854CA2 /* Assets.xcassets */,
				74F128AD240C64AC00854CA2 /* LaunchScreen.storyboard */,
				74F128B0240C64AC00854CA2 /* Info.plist */,
				74F128A8240C64AB00854CA2 /* Podcasts.xcdatamodeld */,
			);
			path = Podcasts;
			sourceTree = "<group>";
		};
		74F64E8D2417757100516975 /* Home */ = {
			isa = PBXGroup;
			children = (
				74F64E8E241775A700516975 /* HomeCell.swift */,
			);
			path = Home;
			sourceTree = "<group>";
		};
/* End PBXGroup section */

/* Begin PBXNativeTarget section */
		74F1289B240C64AB00854CA2 /* Podcasts */ = {
			isa = PBXNativeTarget;
			buildConfigurationList = 74F128B3240C64AC00854CA2 /* Build configuration list for PBXNativeTarget "Podcasts" */;
			buildPhases = (
				74F12898240C64AB00854CA2 /* Sources */,
				74F12899240C64AB00854CA2 /* Frameworks */,
				74F1289A240C64AB00854CA2 /* Resources */,
			);
			buildRules = (
			);
			dependencies = (
			);
			name = Podcasts;
			productName = Podcasts;
			productReference = 74F1289C240C64AB00854CA2 /* Podcasts.app */;
			productType = "com.apple.product-type.application";
		};
/* End PBXNativeTarget section */

/* Begin PBXProject section */
		74F12894240C64AB00854CA2 /* Project object */ = {
			isa = PBXProject;
			attributes = {
				LastSwiftUpdateCheck = 1130;
				LastUpgradeCheck = 1130;
				ORGANIZATIONNAME = "Jacob Contreras";
				TargetAttributes = {
					74F1289B240C64AB00854CA2 = {
						CreatedOnToolsVersion = 11.3.1;
					};
				};
			};
			buildConfigurationList = 74F12897240C64AB00854CA2 /* Build configuration list for PBXProject "Podcasts" */;
			compatibilityVersion = "Xcode 9.3";
			developmentRegion = en;
			hasScannedForEncodings = 0;
			knownRegions = (
				en,
				Base,
			);
			mainGroup = 74F12893240C64AB00854CA2;
			productRefGroup = 74F1289D240C64AB00854CA2 /* Products */;
			projectDirPath = "";
			projectRoot = "";
			targets = (
				74F1289B240C64AB00854CA2 /* Podcasts */,
			);
		};
/* End PBXProject section */

/* Begin PBXResourcesBuildPhase section */
		74F1289A240C64AB00854CA2 /* Resources */ = {
			isa = PBXResourcesBuildPhase;
			buildActionMask = 2147483647;
			files = (
				74F128AF240C64AC00854CA2 /* LaunchScreen.storyboard in Resources */,
				74F128AC240C64AC00854CA2 /* Assets.xcassets in Resources */,
				74F128A7240C64AB00854CA2 /* Main.storyboard in Resources */,
			);
			runOnlyForDeploymentPostprocessing = 0;
		};
/* End PBXResourcesBuildPhase section */

/* Begin PBXSourcesBuildPhase section */
		74F12898240C64AB00854CA2 /* Sources */ = {
			isa = PBXSourcesBuildPhase;
			buildActionMask = 2147483647;
			files = (
				7421799F240CB9C40096A28F /* UIView+AutoLayout.swift in Sources */,
				74DA29DA2411B52B006050F8 /* UINavigationController.swift in Sources */,
				74291EDC2415DE6A00272B8C /* HomeController.swift in Sources */,
				74F128A4240C64AB00854CA2 /* ViewController.swift in Sources */,
				74F128A0240C64AB00854CA2 /* AppDelegate.swift in Sources */,
				749D5D592410069D009FAB3E /* UIButton.swift in Sources */,
				74DA29E02411DA1C006050F8 /* Scrubber.swift in Sources */,
				74DA29DC2411B76F006050F8 /* LoadableImage.swift in Sources */,
				74F64E8F241775A700516975 /* HomeCell.swift in Sources */,
				748E92E62422DABE00E3182C /* TabBarController.swift in Sources */,
				74DA29DE2411BE81006050F8 /* EpisodeDetails.swift in Sources */,
				74F128AA240C64AB00854CA2 /* Podcasts.xcdatamodeld in Sources */,
				74F128A2240C64AB00854CA2 /* SceneDelegate.swift in Sources */,
				74291EE02415DE9000272B8C /* DownloadsController.swift in Sources */,
				74291EDE2415DE7E00272B8C /* SearchController.swift in Sources */,
				74DA29D82411AF8C006050F8 /* UIImage.swift in Sources */,
				742179A3240CBA2E0096A28F /* PlayerScreen.swift in Sources */,
				742179A5240CBB380096A28F /* MediaControls.swift in Sources */,
				74B7C0592423D1E200276E6B /* PlayerNavigationBar.swift in Sources */,
			);
			runOnlyForDeploymentPostprocessing = 0;
		};
/* End PBXSourcesBuildPhase section */

/* Begin PBXVariantGroup section */
		74F128A5240C64AB00854CA2 /* Main.storyboard */ = {
			isa = PBXVariantGroup;
			children = (
				74F128A6240C64AB00854CA2 /* Base */,
			);
			name = Main.storyboard;
			sourceTree = "<group>";
		};
		74F128AD240C64AC00854CA2 /* LaunchScreen.storyboard */ = {
			isa = PBXVariantGroup;
			children = (
				74F128AE240C64AC00854CA2 /* Base */,
			);
			name = LaunchScreen.storyboard;
			sourceTree = "<group>";
		};
/* End PBXVariantGroup section */

/* Begin XCBuildConfiguration section */
		74F128B1240C64AC00854CA2 /* Debug */ = {
			isa = XCBuildConfiguration;
			buildSettings = {
				ALWAYS_SEARCH_USER_PATHS = NO;
				CLANG_ANALYZER_NONNULL = YES;
				CLANG_ANALYZER_NUMBER_OBJECT_CONVERSION = YES_AGGRESSIVE;
				CLANG_CXX_LANGUAGE_STANDARD = "gnu++14";
				CLANG_CXX_LIBRARY = "libc++";
				CLANG_ENABLE_MODULES = YES;
				CLANG_ENABLE_OBJC_ARC = YES;
				CLANG_ENABLE_OBJC_WEAK = YES;
				CLANG_WARN_BLOCK_CAPTURE_AUTORELEASING = YES;
				CLANG_WARN_BOOL_CONVERSION = YES;
				CLANG_WARN_COMMA = YES;
				CLANG_WARN_CONSTANT_CONVERSION = YES;
				CLANG_WARN_DEPRECATED_OBJC_IMPLEMENTATIONS = YES;
				CLANG_WARN_DIRECT_OBJC_ISA_USAGE = YES_ERROR;
				CLANG_WARN_DOCUMENTATION_COMMENTS = YES;
				CLANG_WARN_EMPTY_BODY = YES;
				CLANG_WARN_ENUM_CONVERSION = YES;
				CLANG_WARN_INFINITE_RECURSION = YES;
				CLANG_WARN_INT_CONVERSION = YES;
				CLANG_WARN_NON_LITERAL_NULL_CONVERSION = YES;
				CLANG_WARN_OBJC_IMPLICIT_RETAIN_SELF = YES;
				CLANG_WARN_OBJC_LITERAL_CONVERSION = YES;
				CLANG_WARN_OBJC_ROOT_CLASS = YES_ERROR;
				CLANG_WARN_RANGE_LOOP_ANALYSIS = YES;
				CLANG_WARN_STRICT_PROTOTYPES = YES;
				CLANG_WARN_SUSPICIOUS_MOVE = YES;
				CLANG_WARN_UNGUARDED_AVAILABILITY = YES_AGGRESSIVE;
				CLANG_WARN_UNREACHABLE_CODE = YES;
				CLANG_WARN__DUPLICATE_METHOD_MATCH = YES;
				COPY_PHASE_STRIP = NO;
				DEBUG_INFORMATION_FORMAT = dwarf;
				ENABLE_STRICT_OBJC_MSGSEND = YES;
				ENABLE_TESTABILITY = YES;
				GCC_C_LANGUAGE_STANDARD = gnu11;
				GCC_DYNAMIC_NO_PIC = NO;
				GCC_NO_COMMON_BLOCKS = YES;
				GCC_OPTIMIZATION_LEVEL = 0;
				GCC_PREPROCESSOR_DEFINITIONS = (
					"DEBUG=1",
					"$(inherited)",
				);
				GCC_WARN_64_TO_32_BIT_CONVERSION = YES;
				GCC_WARN_ABOUT_RETURN_TYPE = YES_ERROR;
				GCC_WARN_UNDECLARED_SELECTOR = YES;
				GCC_WARN_UNINITIALIZED_AUTOS = YES_AGGRESSIVE;
				GCC_WARN_UNUSED_FUNCTION = YES;
				GCC_WARN_UNUSED_VARIABLE = YES;
				IPHONEOS_DEPLOYMENT_TARGET = 13.2;
				MTL_ENABLE_DEBUG_INFO = INCLUDE_SOURCE;
				MTL_FAST_MATH = YES;
				ONLY_ACTIVE_ARCH = YES;
				SDKROOT = iphoneos;
				SWIFT_ACTIVE_COMPILATION_CONDITIONS = DEBUG;
				SWIFT_OPTIMIZATION_LEVEL = "-Onone";
			};
			name = Debug;
		};
		74F128B2240C64AC00854CA2 /* Release */ = {
			isa = XCBuildConfiguration;
			buildSettings = {
				ALWAYS_SEARCH_USER_PATHS = NO;
				CLANG_ANALYZER_NONNULL = YES;
				CLANG_ANALYZER_NUMBER_OBJECT_CONVERSION = YES_AGGRESSIVE;
				CLANG_CXX_LANGUAGE_STANDARD = "gnu++14";
				CLANG_CXX_LIBRARY = "libc++";
				CLANG_ENABLE_MODULES = YES;
				CLANG_ENABLE_OBJC_ARC = YES;
				CLANG_ENABLE_OBJC_WEAK = YES;
				CLANG_WARN_BLOCK_CAPTURE_AUTORELEASING = YES;
				CLANG_WARN_BOOL_CONVERSION = YES;
				CLANG_WARN_COMMA = YES;
				CLANG_WARN_CONSTANT_CONVERSION = YES;
				CLANG_WARN_DEPRECATED_OBJC_IMPLEMENTATIONS = YES;
				CLANG_WARN_DIRECT_OBJC_ISA_USAGE = YES_ERROR;
				CLANG_WARN_DOCUMENTATION_COMMENTS = YES;
				CLANG_WARN_EMPTY_BODY = YES;
				CLANG_WARN_ENUM_CONVERSION = YES;
				CLANG_WARN_INFINITE_RECURSION = YES;
				CLANG_WARN_INT_CONVERSION = YES;
				CLANG_WARN_NON_LITERAL_NULL_CONVERSION = YES;
				CLANG_WARN_OBJC_IMPLICIT_RETAIN_SELF = YES;
				CLANG_WARN_OBJC_LITERAL_CONVERSION = YES;
				CLANG_WARN_OBJC_ROOT_CLASS = YES_ERROR;
				CLANG_WARN_RANGE_LOOP_ANALYSIS = YES;
				CLANG_WARN_STRICT_PROTOTYPES = YES;
				CLANG_WARN_SUSPICIOUS_MOVE = YES;
				CLANG_WARN_UNGUARDED_AVAILABILITY = YES_AGGRESSIVE;
				CLANG_WARN_UNREACHABLE_CODE = YES;
				CLANG_WARN__DUPLICATE_METHOD_MATCH = YES;
				COPY_PHASE_STRIP = NO;
				DEBUG_INFORMATION_FORMAT = "dwarf-with-dsym";
				ENABLE_NS_ASSERTIONS = NO;
				ENABLE_STRICT_OBJC_MSGSEND = YES;
				GCC_C_LANGUAGE_STANDARD = gnu11;
				GCC_NO_COMMON_BLOCKS = YES;
				GCC_WARN_64_TO_32_BIT_CONVERSION = YES;
				GCC_WARN_ABOUT_RETURN_TYPE = YES_ERROR;
				GCC_WARN_UNDECLARED_SELECTOR = YES;
				GCC_WARN_UNINITIALIZED_AUTOS = YES_AGGRESSIVE;
				GCC_WARN_UNUSED_FUNCTION = YES;
				GCC_WARN_UNUSED_VARIABLE = YES;
				IPHONEOS_DEPLOYMENT_TARGET = 13.2;
				MTL_ENABLE_DEBUG_INFO = NO;
				MTL_FAST_MATH = YES;
				SDKROOT = iphoneos;
				SWIFT_COMPILATION_MODE = wholemodule;
				SWIFT_OPTIMIZATION_LEVEL = "-O";
				VALIDATE_PRODUCT = YES;
			};
			name = Release;
		};
		74F128B4240C64AC00854CA2 /* Debug */ = {
			isa = XCBuildConfiguration;
			buildSettings = {
				ASSETCATALOG_COMPILER_APPICON_NAME = AppIcon;
				CODE_SIGN_STYLE = Automatic;
				DEVELOPMENT_TEAM = 3743EMVKNA;
				INFOPLIST_FILE = Podcasts/Info.plist;
				LD_RUNPATH_SEARCH_PATHS = (
					"$(inherited)",
					"@executable_path/Frameworks",
				);
				PRODUCT_BUNDLE_IDENTIFIER = jcontreras.Podcasts;
				PRODUCT_NAME = "$(TARGET_NAME)";
				SWIFT_VERSION = 5.0;
				TARGETED_DEVICE_FAMILY = "1,2";
			};
			name = Debug;
		};
		74F128B5240C64AC00854CA2 /* Release */ = {
			isa = XCBuildConfiguration;
			buildSettings = {
				ASSETCATALOG_COMPILER_APPICON_NAME = AppIcon;
				CODE_SIGN_STYLE = Automatic;
				DEVELOPMENT_TEAM = 3743EMVKNA;
				INFOPLIST_FILE = Podcasts/Info.plist;
				LD_RUNPATH_SEARCH_PATHS = (
					"$(inherited)",
					"@executable_path/Frameworks",
				);
				PRODUCT_BUNDLE_IDENTIFIER = jcontreras.Podcasts;
				PRODUCT_NAME = "$(TARGET_NAME)";
				SWIFT_VERSION = 5.0;
				TARGETED_DEVICE_FAMILY = "1,2";
			};
			name = Release;
		};
/* End XCBuildConfiguration section */

/* Begin XCConfigurationList section */
		74F12897240C64AB00854CA2 /* Build configuration list for PBXProject "Podcasts" */ = {
			isa = XCConfigurationList;
			buildConfigurations = (
				74F128B1240C64AC00854CA2 /* Debug */,
				74F128B2240C64AC00854CA2 /* Release */,
			);
			defaultConfigurationIsVisible = 0;
			defaultConfigurationName = Release;
		};
		74F128B3240C64AC00854CA2 /* Build configuration list for PBXNativeTarget "Podcasts" */ = {
			isa = XCConfigurationList;
			buildConfigurations = (
				74F128B4240C64AC00854CA2 /* Debug */,
				74F128B5240C64AC00854CA2 /* Release */,
			);
			defaultConfigurationIsVisible = 0;
			defaultConfigurationName = Release;
		};
/* End XCConfigurationList section */

/* Begin XCVersionGroup section */
		74F128A8240C64AB00854CA2 /* Podcasts.xcdatamodeld */ = {
			isa = XCVersionGroup;
			children = (
				74F128A9240C64AB00854CA2 /* Podcasts.xcdatamodel */,
			);
			currentVersion = 74F128A9240C64AB00854CA2 /* Podcasts.xcdatamodel */;
			path = Podcasts.xcdatamodeld;
			sourceTree = "<group>";
			versionGroupType = wrapper.xcdatamodel;
		};
/* End XCVersionGroup section */
	};
	rootObject = 74F12894240C64AB00854CA2 /* Project object */;
}
